// !$*UTF8*$!
{
	archiveVersion = 1;
	classes = {
	};
	objectVersion = 50;
	objects = {

/* Begin PBXBuildFile section */
		DF1224F1242116140013626B /* Utility.swift in Sources */ = {isa = PBXBuildFile; fileRef = DF1224F0242116140013626B /* Utility.swift */; };
		DF1224FC24215B7F0013626B /* Photos+CoreDataClass.swift in Sources */ = {isa = PBXBuildFile; fileRef = DF1224FA24215B7F0013626B /* Photos+CoreDataClass.swift */; };
		DF1224FD24215B7F0013626B /* Photos+CoreDataProperties.swift in Sources */ = {isa = PBXBuildFile; fileRef = DF1224FB24215B7F0013626B /* Photos+CoreDataProperties.swift */; };
		DF12250024215D930013626B /* EateriesDetailsTableViewController.swift in Sources */ = {isa = PBXBuildFile; fileRef = DF1224FF24215D930013626B /* EateriesDetailsTableViewController.swift */; };
		DF12250224215FC10013626B /* EateryDetailsTableViewCell.swift in Sources */ = {isa = PBXBuildFile; fileRef = DF12250124215FC10013626B /* EateryDetailsTableViewCell.swift */; };
		DF122505242168560013626B /* DataManager.swift in Sources */ = {isa = PBXBuildFile; fileRef = DF122504242168560013626B /* DataManager.swift */; };
		DF352DC624203003003D9071 /* AppDelegate.swift in Sources */ = {isa = PBXBuildFile; fileRef = DF352DC524203003003D9071 /* AppDelegate.swift */; };
		DF352DC824203003003D9071 /* SceneDelegate.swift in Sources */ = {isa = PBXBuildFile; fileRef = DF352DC724203003003D9071 /* SceneDelegate.swift */; };
		DF352DCD24203003003D9071 /* Main.storyboard in Resources */ = {isa = PBXBuildFile; fileRef = DF352DCB24203003003D9071 /* Main.storyboard */; };
		DF352DD024203003003D9071 /* EatFreshApp.xcdatamodeld in Sources */ = {isa = PBXBuildFile; fileRef = DF352DCE24203003003D9071 /* EatFreshApp.xcdatamodeld */; };
		DF352DD22420300A003D9071 /* Assets.xcassets in Resources */ = {isa = PBXBuildFile; fileRef = DF352DD12420300A003D9071 /* Assets.xcassets */; };
		DF352DD52420300A003D9071 /* LaunchScreen.storyboard in Resources */ = {isa = PBXBuildFile; fileRef = DF352DD32420300A003D9071 /* LaunchScreen.storyboard */; };
		DF352DE02420300B003D9071 /* EatFreshAppTests.swift in Sources */ = {isa = PBXBuildFile; fileRef = DF352DDF2420300B003D9071 /* EatFreshAppTests.swift */; };
		DF352DEB2420300B003D9071 /* EatFreshAppUITests.swift in Sources */ = {isa = PBXBuildFile; fileRef = DF352DEA2420300B003D9071 /* EatFreshAppUITests.swift */; };
		DF352DF924203088003D9071 /* EateriesTableViewController.swift in Sources */ = {isa = PBXBuildFile; fileRef = DF352DF824203088003D9071 /* EateriesTableViewController.swift */; };
		DF352DFC242030E5003D9071 /* NetworkManager.swift in Sources */ = {isa = PBXBuildFile; fileRef = DF352DFB242030E5003D9071 /* NetworkManager.swift */; };
		DF352E0724203865003D9071 /* OpeningHours+CoreDataClass.swift in Sources */ = {isa = PBXBuildFile; fileRef = DF352E0324203865003D9071 /* OpeningHours+CoreDataClass.swift */; };
		DF352E0824203865003D9071 /* OpeningHours+CoreDataProperties.swift in Sources */ = {isa = PBXBuildFile; fileRef = DF352E0424203865003D9071 /* OpeningHours+CoreDataProperties.swift */; };
		DF352E0C24203C42003D9071 /* EateryTableViewCell.swift in Sources */ = {isa = PBXBuildFile; fileRef = DF352E0B24203C42003D9071 /* EateryTableViewCell.swift */; };
		DF3E6B0F242263C700C94F34 /* Constants.swift in Sources */ = {isa = PBXBuildFile; fileRef = DF3E6B0E242263C700C94F34 /* Constants.swift */; };
		DF3E6B162422B91700C94F34 /* Review+CoreDataClass.swift in Sources */ = {isa = PBXBuildFile; fileRef = DF3E6B102422B91700C94F34 /* Review+CoreDataClass.swift */; };
		DF3E6B172422B91700C94F34 /* Review+CoreDataProperties.swift in Sources */ = {isa = PBXBuildFile; fileRef = DF3E6B112422B91700C94F34 /* Review+CoreDataProperties.swift */; };
		DF3E6B222422BDAB00C94F34 /* Eatery+CoreDataClass.swift in Sources */ = {isa = PBXBuildFile; fileRef = DF3E6B202422BDAB00C94F34 /* Eatery+CoreDataClass.swift */; };
		DF3E6B232422BDAB00C94F34 /* Eatery+CoreDataProperties.swift in Sources */ = {isa = PBXBuildFile; fileRef = DF3E6B212422BDAB00C94F34 /* Eatery+CoreDataProperties.swift */; };
		DFA1D87A2421835200AED845 /* NetworkManagerTests.swift in Sources */ = {isa = PBXBuildFile; fileRef = DFA1D8792421835200AED845 /* NetworkManagerTests.swift */; };
		DFA1D87C2421840300AED845 /* UtilityTests.swift in Sources */ = {isa = PBXBuildFile; fileRef = DFA1D87B2421840300AED845 /* UtilityTests.swift */; };
		DFA1D87E2421849E00AED845 /* DataManagerTests.swift in Sources */ = {isa = PBXBuildFile; fileRef = DFA1D87D2421849E00AED845 /* DataManagerTests.swift */; };
		DFA1D8802421853D00AED845 /* EateriesTableViewControllerTests.swift in Sources */ = {isa = PBXBuildFile; fileRef = DFA1D87F2421853D00AED845 /* EateriesTableViewControllerTests.swift */; };
		DFA1D882242187CE00AED845 /* EateriesDetailsViewControllerTests.swift in Sources */ = {isa = PBXBuildFile; fileRef = DFA1D881242187CE00AED845 /* EateriesDetailsViewControllerTests.swift */; };
/* End PBXBuildFile section */

/* Begin PBXContainerItemProxy section */
		DF352DDC2420300B003D9071 /* PBXContainerItemProxy */ = {
			isa = PBXContainerItemProxy;
			containerPortal = DF352DBA24203003003D9071 /* Project object */;
			proxyType = 1;
			remoteGlobalIDString = DF352DC124203003003D9071;
			remoteInfo = EatFreshApp;
		};
		DF352DE72420300B003D9071 /* PBXContainerItemProxy */ = {
			isa = PBXContainerItemProxy;
			containerPortal = DF352DBA24203003003D9071 /* Project object */;
			proxyType = 1;
			remoteGlobalIDString = DF352DC124203003003D9071;
			remoteInfo = EatFreshApp;
		};
/* End PBXContainerItemProxy section */

/* Begin PBXFileReference section */
		DF1224F0242116140013626B /* Utility.swift */ = {isa = PBXFileReference; lastKnownFileType = sourcecode.swift; path = Utility.swift; sourceTree = "<group>"; };
		DF1224FA24215B7F0013626B /* Photos+CoreDataClass.swift */ = {isa = PBXFileReference; lastKnownFileType = sourcecode.swift; path = "Photos+CoreDataClass.swift"; sourceTree = "<group>"; };
		DF1224FB24215B7F0013626B /* Photos+CoreDataProperties.swift */ = {isa = PBXFileReference; lastKnownFileType = sourcecode.swift; path = "Photos+CoreDataProperties.swift"; sourceTree = "<group>"; };
		DF1224FF24215D930013626B /* EateriesDetailsTableViewController.swift */ = {isa = PBXFileReference; lastKnownFileType = sourcecode.swift; path = EateriesDetailsTableViewController.swift; sourceTree = "<group>"; };
		DF12250124215FC10013626B /* EateryDetailsTableViewCell.swift */ = {isa = PBXFileReference; lastKnownFileType = sourcecode.swift; path = EateryDetailsTableViewCell.swift; sourceTree = "<group>"; };
		DF122504242168560013626B /* DataManager.swift */ = {isa = PBXFileReference; lastKnownFileType = sourcecode.swift; path = DataManager.swift; sourceTree = "<group>"; };
		DF352DC224203003003D9071 /* EatFreshApp.app */ = {isa = PBXFileReference; explicitFileType = wrapper.application; includeInIndex = 0; path = EatFreshApp.app; sourceTree = BUILT_PRODUCTS_DIR; };
		DF352DC524203003003D9071 /* AppDelegate.swift */ = {isa = PBXFileReference; lastKnownFileType = sourcecode.swift; path = AppDelegate.swift; sourceTree = "<group>"; };
		DF352DC724203003003D9071 /* SceneDelegate.swift */ = {isa = PBXFileReference; lastKnownFileType = sourcecode.swift; path = SceneDelegate.swift; sourceTree = "<group>"; };
		DF352DCC24203003003D9071 /* Base */ = {isa = PBXFileReference; lastKnownFileType = file.storyboard; name = Base; path = Base.lproj/Main.storyboard; sourceTree = "<group>"; };
		DF352DCF24203003003D9071 /* EatFreshApp.xcdatamodel */ = {isa = PBXFileReference; lastKnownFileType = wrapper.xcdatamodel; path = EatFreshApp.xcdatamodel; sourceTree = "<group>"; };
		DF352DD12420300A003D9071 /* Assets.xcassets */ = {isa = PBXFileReference; lastKnownFileType = folder.assetcatalog; path = Assets.xcassets; sourceTree = "<group>"; };
		DF352DD42420300A003D9071 /* Base */ = {isa = PBXFileReference; lastKnownFileType = file.storyboard; name = Base; path = Base.lproj/LaunchScreen.storyboard; sourceTree = "<group>"; };
		DF352DD62420300A003D9071 /* Info.plist */ = {isa = PBXFileReference; lastKnownFileType = text.plist.xml; path = Info.plist; sourceTree = "<group>"; };
		DF352DDB2420300B003D9071 /* EatFreshAppTests.xctest */ = {isa = PBXFileReference; explicitFileType = wrapper.cfbundle; includeInIndex = 0; path = EatFreshAppTests.xctest; sourceTree = BUILT_PRODUCTS_DIR; };
		DF352DDF2420300B003D9071 /* EatFreshAppTests.swift */ = {isa = PBXFileReference; lastKnownFileType = sourcecode.swift; path = EatFreshAppTests.swift; sourceTree = "<group>"; };
		DF352DE12420300B003D9071 /* Info.plist */ = {isa = PBXFileReference; lastKnownFileType = text.plist.xml; path = Info.plist; sourceTree = "<group>"; };
		DF352DE62420300B003D9071 /* EatFreshAppUITests.xctest */ = {isa = PBXFileReference; explicitFileType = wrapper.cfbundle; includeInIndex = 0; path = EatFreshAppUITests.xctest; sourceTree = BUILT_PRODUCTS_DIR; };
		DF352DEA2420300B003D9071 /* EatFreshAppUITests.swift */ = {isa = PBXFileReference; lastKnownFileType = sourcecode.swift; path = EatFreshAppUITests.swift; sourceTree = "<group>"; };
		DF352DEC2420300B003D9071 /* Info.plist */ = {isa = PBXFileReference; lastKnownFileType = text.plist.xml; path = Info.plist; sourceTree = "<group>"; };
		DF352DF824203088003D9071 /* EateriesTableViewController.swift */ = {isa = PBXFileReference; lastKnownFileType = sourcecode.swift; path = EateriesTableViewController.swift; sourceTree = "<group>"; };
		DF352DFB242030E5003D9071 /* NetworkManager.swift */ = {isa = PBXFileReference; lastKnownFileType = sourcecode.swift; path = NetworkManager.swift; sourceTree = "<group>"; };
		DF352E0324203865003D9071 /* OpeningHours+CoreDataClass.swift */ = {isa = PBXFileReference; lastKnownFileType = sourcecode.swift; path = "OpeningHours+CoreDataClass.swift"; sourceTree = "<group>"; };
		DF352E0424203865003D9071 /* OpeningHours+CoreDataProperties.swift */ = {isa = PBXFileReference; lastKnownFileType = sourcecode.swift; path = "OpeningHours+CoreDataProperties.swift"; sourceTree = "<group>"; };
		DF352E0B24203C42003D9071 /* EateryTableViewCell.swift */ = {isa = PBXFileReference; lastKnownFileType = sourcecode.swift; path = EateryTableViewCell.swift; sourceTree = "<group>"; };
		DF3E6B0E242263C700C94F34 /* Constants.swift */ = {isa = PBXFileReference; lastKnownFileType = sourcecode.swift; path = Constants.swift; sourceTree = "<group>"; };
		DF3E6B102422B91700C94F34 /* Review+CoreDataClass.swift */ = {isa = PBXFileReference; lastKnownFileType = sourcecode.swift; path = "Review+CoreDataClass.swift"; sourceTree = "<group>"; };
		DF3E6B112422B91700C94F34 /* Review+CoreDataProperties.swift */ = {isa = PBXFileReference; lastKnownFileType = sourcecode.swift; path = "Review+CoreDataProperties.swift"; sourceTree = "<group>"; };
		DF3E6B202422BDAB00C94F34 /* Eatery+CoreDataClass.swift */ = {isa = PBXFileReference; lastKnownFileType = sourcecode.swift; path = "Eatery+CoreDataClass.swift"; sourceTree = "<group>"; };
		DF3E6B212422BDAB00C94F34 /* Eatery+CoreDataProperties.swift */ = {isa = PBXFileReference; lastKnownFileType = sourcecode.swift; path = "Eatery+CoreDataProperties.swift"; sourceTree = "<group>"; };
		DFA1D8792421835200AED845 /* NetworkManagerTests.swift */ = {isa = PBXFileReference; lastKnownFileType = sourcecode.swift; path = NetworkManagerTests.swift; sourceTree = "<group>"; };
		DFA1D87B2421840300AED845 /* UtilityTests.swift */ = {isa = PBXFileReference; lastKnownFileType = sourcecode.swift; path = UtilityTests.swift; sourceTree = "<group>"; };
		DFA1D87D2421849E00AED845 /* DataManagerTests.swift */ = {isa = PBXFileReference; lastKnownFileType = sourcecode.swift; path = DataManagerTests.swift; sourceTree = "<group>"; };
		DFA1D87F2421853D00AED845 /* EateriesTableViewControllerTests.swift */ = {isa = PBXFileReference; lastKnownFileType = sourcecode.swift; path = EateriesTableViewControllerTests.swift; sourceTree = "<group>"; };
		DFA1D881242187CE00AED845 /* EateriesDetailsViewControllerTests.swift */ = {isa = PBXFileReference; lastKnownFileType = sourcecode.swift; path = EateriesDetailsViewControllerTests.swift; sourceTree = "<group>"; };
/* End PBXFileReference section */

/* Begin PBXFrameworksBuildPhase section */
		DF352DBF24203003003D9071 /* Frameworks */ = {
			isa = PBXFrameworksBuildPhase;
			buildActionMask = 2147483647;
			files = (
			);
			runOnlyForDeploymentPostprocessing = 0;
		};
		DF352DD82420300B003D9071 /* Frameworks */ = {
			isa = PBXFrameworksBuildPhase;
			buildActionMask = 2147483647;
			files = (
			);
			runOnlyForDeploymentPostprocessing = 0;
		};
		DF352DE32420300B003D9071 /* Frameworks */ = {
			isa = PBXFrameworksBuildPhase;
			buildActionMask = 2147483647;
			files = (
			);
			runOnlyForDeploymentPostprocessing = 0;
		};
/* End PBXFrameworksBuildPhase section */

/* Begin PBXGroup section */
		DF1224EF242115FF0013626B /* Utilities */ = {
			isa = PBXGroup;
			children = (
				DF1224F0242116140013626B /* Utility.swift */,
			);
			path = Utilities;
			sourceTree = "<group>";
		};
		DF1224FE24215D710013626B /* ViewControllers */ = {
			isa = PBXGroup;
			children = (
				DF352DF824203088003D9071 /* EateriesTableViewController.swift */,
				DF1224FF24215D930013626B /* EateriesDetailsTableViewController.swift */,
			);
			path = ViewControllers;
			sourceTree = "<group>";
		};
		DF1225032421683A0013626B /* DataManager */ = {
			isa = PBXGroup;
			children = (
				DF122504242168560013626B /* DataManager.swift */,
			);
			path = DataManager;
			sourceTree = "<group>";
		};
		DF352DB924203003003D9071 = {
			isa = PBXGroup;
			children = (
				DF352DC424203003003D9071 /* EatFreshApp */,
				DF352DDE2420300B003D9071 /* EatFreshAppTests */,
				DF352DE92420300B003D9071 /* EatFreshAppUITests */,
				DF352DC324203003003D9071 /* Products */,
			);
			sourceTree = "<group>";
		};
		DF352DC324203003003D9071 /* Products */ = {
			isa = PBXGroup;
			children = (
				DF352DC224203003003D9071 /* EatFreshApp.app */,
				DF352DDB2420300B003D9071 /* EatFreshAppTests.xctest */,
				DF352DE62420300B003D9071 /* EatFreshAppUITests.xctest */,
			);
			name = Products;
			sourceTree = "<group>";
		};
		DF352DC424203003003D9071 /* EatFreshApp */ = {
			isa = PBXGroup;
			children = (
				DF3E6B0D2422639900C94F34 /* Constants */,
				DF1225032421683A0013626B /* DataManager */,
				DF1224FE24215D710013626B /* ViewControllers */,
				DF1224EF242115FF0013626B /* Utilities */,
				DF352E0A24203C2C003D9071 /* Views */,
				DF352E0924203C1D003D9071 /* Models */,
				DF352DFA242030CC003D9071 /* NetworkManager */,
				DF352DC524203003003D9071 /* AppDelegate.swift */,
				DF352DC724203003003D9071 /* SceneDelegate.swift */,
				DF352DCB24203003003D9071 /* Main.storyboard */,
				DF352DD12420300A003D9071 /* Assets.xcassets */,
				DF352DD32420300A003D9071 /* LaunchScreen.storyboard */,
				DF352DD62420300A003D9071 /* Info.plist */,
				DF352DCE24203003003D9071 /* EatFreshApp.xcdatamodeld */,
			);
			path = EatFreshApp;
			sourceTree = "<group>";
		};
		DF352DDE2420300B003D9071 /* EatFreshAppTests */ = {
			isa = PBXGroup;
			children = (
				DF352DDF2420300B003D9071 /* EatFreshAppTests.swift */,
				DF352DE12420300B003D9071 /* Info.plist */,
				DFA1D8792421835200AED845 /* NetworkManagerTests.swift */,
				DFA1D87B2421840300AED845 /* UtilityTests.swift */,
				DFA1D87D2421849E00AED845 /* DataManagerTests.swift */,
				DFA1D87F2421853D00AED845 /* EateriesTableViewControllerTests.swift */,
				DFA1D881242187CE00AED845 /* EateriesDetailsViewControllerTests.swift */,
			);
			path = EatFreshAppTests;
			sourceTree = "<group>";
		};
		DF352DE92420300B003D9071 /* EatFreshAppUITests */ = {
			isa = PBXGroup;
			children = (
				DF352DEA2420300B003D9071 /* EatFreshAppUITests.swift */,
				DF352DEC2420300B003D9071 /* Info.plist */,
			);
			path = EatFreshAppUITests;
			sourceTree = "<group>";
		};
		DF352DFA242030CC003D9071 /* NetworkManager */ = {
			isa = PBXGroup;
			children = (
				DF352DFB242030E5003D9071 /* NetworkManager.swift */,
			);
			path = NetworkManager;
			sourceTree = "<group>";
		};
		DF352E0924203C1D003D9071 /* Models */ = {
			isa = PBXGroup;
			children = (
				DF3E6B202422BDAB00C94F34 /* Eatery+CoreDataClass.swift */,
				DF3E6B212422BDAB00C94F34 /* Eatery+CoreDataProperties.swift */,
				DF3E6B102422B91700C94F34 /* Review+CoreDataClass.swift */,
				DF3E6B112422B91700C94F34 /* Review+CoreDataProperties.swift */,
				DF1224FA24215B7F0013626B /* Photos+CoreDataClass.swift */,
				DF1224FB24215B7F0013626B /* Photos+CoreDataProperties.swift */,
				DF352E0324203865003D9071 /* OpeningHours+CoreDataClass.swift */,
				DF352E0424203865003D9071 /* OpeningHours+CoreDataProperties.swift */,
			);
			path = Models;
			sourceTree = "<group>";
		};
		DF352E0A24203C2C003D9071 /* Views */ = {
			isa = PBXGroup;
			children = (
				DF352E0B24203C42003D9071 /* EateryTableViewCell.swift */,
				DF12250124215FC10013626B /* EateryDetailsTableViewCell.swift */,
			);
			path = Views;
			sourceTree = "<group>";
		};
		DF3E6B0D2422639900C94F34 /* Constants */ = {
			isa = PBXGroup;
			children = (
				DF3E6B0E242263C700C94F34 /* Constants.swift */,
			);
			path = Constants;
			sourceTree = "<group>";
		};
/* End PBXGroup section */

/* Begin PBXNativeTarget section */
		DF352DC124203003003D9071 /* EatFreshApp */ = {
			isa = PBXNativeTarget;
			buildConfigurationList = DF352DEF2420300B003D9071 /* Build configuration list for PBXNativeTarget "EatFreshApp" */;
			buildPhases = (
				DF352DBE24203003003D9071 /* Sources */,
				DF352DBF24203003003D9071 /* Frameworks */,
				DF352DC024203003003D9071 /* Resources */,
			);
			buildRules = (
			);
			dependencies = (
			);
			name = EatFreshApp;
			productName = EatFreshApp;
			productReference = DF352DC224203003003D9071 /* EatFreshApp.app */;
			productType = "com.apple.product-type.application";
		};
		DF352DDA2420300B003D9071 /* EatFreshAppTests */ = {
			isa = PBXNativeTarget;
			buildConfigurationList = DF352DF22420300B003D9071 /* Build configuration list for PBXNativeTarget "EatFreshAppTests" */;
			buildPhases = (
				DF352DD72420300B003D9071 /* Sources */,
				DF352DD82420300B003D9071 /* Frameworks */,
				DF352DD92420300B003D9071 /* Resources */,
			);
			buildRules = (
			);
			dependencies = (
				DF352DDD2420300B003D9071 /* PBXTargetDependency */,
			);
			name = EatFreshAppTests;
			productName = EatFreshAppTests;
			productReference = DF352DDB2420300B003D9071 /* EatFreshAppTests.xctest */;
			productType = "com.apple.product-type.bundle.unit-test";
		};
		DF352DE52420300B003D9071 /* EatFreshAppUITests */ = {
			isa = PBXNativeTarget;
			buildConfigurationList = DF352DF52420300B003D9071 /* Build configuration list for PBXNativeTarget "EatFreshAppUITests" */;
			buildPhases = (
				DF352DE22420300B003D9071 /* Sources */,
				DF352DE32420300B003D9071 /* Frameworks */,
				DF352DE42420300B003D9071 /* Resources */,
			);
			buildRules = (
			);
			dependencies = (
				DF352DE82420300B003D9071 /* PBXTargetDependency */,
			);
			name = EatFreshAppUITests;
			productName = EatFreshAppUITests;
			productReference = DF352DE62420300B003D9071 /* EatFreshAppUITests.xctest */;
			productType = "com.apple.product-type.bundle.ui-testing";
		};
/* End PBXNativeTarget section */

/* Begin PBXProject section */
		DF352DBA24203003003D9071 /* Project object */ = {
			isa = PBXProject;
			attributes = {
				LastSwiftUpdateCheck = 1130;
				LastUpgradeCheck = 1130;
				ORGANIZATIONNAME = "Manali Mogre";
				TargetAttributes = {
					DF352DC124203003003D9071 = {
						CreatedOnToolsVersion = 11.3.1;
					};
					DF352DDA2420300B003D9071 = {
						CreatedOnToolsVersion = 11.3.1;
						TestTargetID = DF352DC124203003003D9071;
					};
					DF352DE52420300B003D9071 = {
						CreatedOnToolsVersion = 11.3.1;
						TestTargetID = DF352DC124203003003D9071;
					};
				};
			};
			buildConfigurationList = DF352DBD24203003003D9071 /* Build configuration list for PBXProject "EatFreshApp" */;
			compatibilityVersion = "Xcode 9.3";
			developmentRegion = en;
			hasScannedForEncodings = 0;
			knownRegions = (
				en,
				Base,
			);
			mainGroup = DF352DB924203003003D9071;
			productRefGroup = DF352DC324203003003D9071 /* Products */;
			projectDirPath = "";
			projectRoot = "";
			targets = (
				DF352DC124203003003D9071 /* EatFreshApp */,
				DF352DDA2420300B003D9071 /* EatFreshAppTests */,
				DF352DE52420300B003D9071 /* EatFreshAppUITests */,
			);
		};
/* End PBXProject section */

/* Begin PBXResourcesBuildPhase section */
		DF352DC024203003003D9071 /* Resources */ = {
			isa = PBXResourcesBuildPhase;
			buildActionMask = 2147483647;
			files = (
				DF352DD52420300A003D9071 /* LaunchScreen.storyboard in Resources */,
				DF352DD22420300A003D9071 /* Assets.xcassets in Resources */,
				DF352DCD24203003003D9071 /* Main.storyboard in Resources */,
			);
			runOnlyForDeploymentPostprocessing = 0;
		};
		DF352DD92420300B003D9071 /* Resources */ = {
			isa = PBXResourcesBuildPhase;
			buildActionMask = 2147483647;
			files = (
			);
			runOnlyForDeploymentPostprocessing = 0;
		};
		DF352DE42420300B003D9071 /* Resources */ = {
			isa = PBXResourcesBuildPhase;
			buildActionMask = 2147483647;
			files = (
			);
			runOnlyForDeploymentPostprocessing = 0;
		};
/* End PBXResourcesBuildPhase section */

/* Begin PBXSourcesBuildPhase section */
		DF352DBE24203003003D9071 /* Sources */ = {
			isa = PBXSourcesBuildPhase;
			buildActionMask = 2147483647;
			files = (
				DF3E6B232422BDAB00C94F34 /* Eatery+CoreDataProperties.swift in Sources */,
				DF352E0724203865003D9071 /* OpeningHours+CoreDataClass.swift in Sources */,
				DF3E6B0F242263C700C94F34 /* Constants.swift in Sources */,
				DF3E6B172422B91700C94F34 /* Review+CoreDataProperties.swift in Sources */,
				DF122505242168560013626B /* DataManager.swift in Sources */,
				DF352DC624203003003D9071 /* AppDelegate.swift in Sources */,
				DF352E0824203865003D9071 /* OpeningHours+CoreDataProperties.swift in Sources */,
				DF12250224215FC10013626B /* EateryDetailsTableViewCell.swift in Sources */,
				DF3E6B222422BDAB00C94F34 /* Eatery+CoreDataClass.swift in Sources */,
				DF1224F1242116140013626B /* Utility.swift in Sources */,
				DF352DC824203003003D9071 /* SceneDelegate.swift in Sources */,
				DF352E0C24203C42003D9071 /* EateryTableViewCell.swift in Sources */,
				DF352DFC242030E5003D9071 /* NetworkManager.swift in Sources */,
				DF1224FD24215B7F0013626B /* Photos+CoreDataProperties.swift in Sources */,
				DF3E6B162422B91700C94F34 /* Review+CoreDataClass.swift in Sources */,
				DF352DD024203003003D9071 /* EatFreshApp.xcdatamodeld in Sources */,
				DF1224FC24215B7F0013626B /* Photos+CoreDataClass.swift in Sources */,
				DF12250024215D930013626B /* EateriesDetailsTableViewController.swift in Sources */,
				DF352DF924203088003D9071 /* EateriesTableViewController.swift in Sources */,
			);
			runOnlyForDeploymentPostprocessing = 0;
		};
		DF352DD72420300B003D9071 /* Sources */ = {
			isa = PBXSourcesBuildPhase;
			buildActionMask = 2147483647;
			files = (
				DFA1D87C2421840300AED845 /* UtilityTests.swift in Sources */,
				DFA1D882242187CE00AED845 /* EateriesDetailsViewControllerTests.swift in Sources */,
				DFA1D8802421853D00AED845 /* EateriesTableViewControllerTests.swift in Sources */,
				DFA1D87E2421849E00AED845 /* DataManagerTests.swift in Sources */,
				DFA1D87A2421835200AED845 /* NetworkManagerTests.swift in Sources */,
				DF352DE02420300B003D9071 /* EatFreshAppTests.swift in Sources */,
			);
			runOnlyForDeploymentPostprocessing = 0;
		};
		DF352DE22420300B003D9071 /* Sources */ = {
			isa = PBXSourcesBuildPhase;
			buildActionMask = 2147483647;
			files = (
				DF352DEB2420300B003D9071 /* EatFreshAppUITests.swift in Sources */,
			);
			runOnlyForDeploymentPostprocessing = 0;
		};
/* End PBXSourcesBuildPhase section */

/* Begin PBXTargetDependency section */
		DF352DDD2420300B003D9071 /* PBXTargetDependency */ = {
			isa = PBXTargetDependency;
			target = DF352DC124203003003D9071 /* EatFreshApp */;
			targetProxy = DF352DDC2420300B003D9071 /* PBXContainerItemProxy */;
		};
		DF352DE82420300B003D9071 /* PBXTargetDependency */ = {
			isa = PBXTargetDependency;
			target = DF352DC124203003003D9071 /* EatFreshApp */;
			targetProxy = DF352DE72420300B003D9071 /* PBXContainerItemProxy */;
		};
/* End PBXTargetDependency section */

/* Begin PBXVariantGroup section */
		DF352DCB24203003003D9071 /* Main.storyboard */ = {
			isa = PBXVariantGroup;
			children = (
				DF352DCC24203003003D9071 /* Base */,
			);
			name = Main.storyboard;
			sourceTree = "<group>";
		};
		DF352DD32420300A003D9071 /* LaunchScreen.storyboard */ = {
			isa = PBXVariantGroup;
			children = (
				DF352DD42420300A003D9071 /* Base */,
			);
			name = LaunchScreen.storyboard;
			sourceTree = "<group>";
		};
/* End PBXVariantGroup section */

/* Begin XCBuildConfiguration section */
		DF352DED2420300B003D9071 /* Debug */ = {
			isa = XCBuildConfiguration;
			buildSettings = {
				ALWAYS_SEARCH_USER_PATHS = NO;
				CLANG_ANALYZER_NONNULL = YES;
				CLANG_ANALYZER_NUMBER_OBJECT_CONVERSION = YES_AGGRESSIVE;
				CLANG_CXX_LANGUAGE_STANDARD = "gnu++14";
				CLANG_CXX_LIBRARY = "libc++";
				CLANG_ENABLE_MODULES = YES;
				CLANG_ENABLE_OBJC_ARC = YES;
				CLANG_ENABLE_OBJC_WEAK = YES;
				CLANG_WARN_BLOCK_CAPTURE_AUTORELEASING = YES;
				CLANG_WARN_BOOL_CONVERSION = YES;
				CLANG_WARN_COMMA = YES;
				CLANG_WARN_CONSTANT_CONVERSION = YES;
				CLANG_WARN_DEPRECATED_OBJC_IMPLEMENTATIONS = YES;
				CLANG_WARN_DIRECT_OBJC_ISA_USAGE = YES_ERROR;
				CLANG_WARN_DOCUMENTATION_COMMENTS = YES;
				CLANG_WARN_EMPTY_BODY = YES;
				CLANG_WARN_ENUM_CONVERSION = YES;
				CLANG_WARN_INFINITE_RECURSION = YES;
				CLANG_WARN_INT_CONVERSION = YES;
				CLANG_WARN_NON_LITERAL_NULL_CONVERSION = YES;
				CLANG_WARN_OBJC_IMPLICIT_RETAIN_SELF = YES;
				CLANG_WARN_OBJC_LITERAL_CONVERSION = YES;
				CLANG_WARN_OBJC_ROOT_CLASS = YES_ERROR;
				CLANG_WARN_RANGE_LOOP_ANALYSIS = YES;
				CLANG_WARN_STRICT_PROTOTYPES = YES;
				CLANG_WARN_SUSPICIOUS_MOVE = YES;
				CLANG_WARN_UNGUARDED_AVAILABILITY = YES_AGGRESSIVE;
				CLANG_WARN_UNREACHABLE_CODE = YES;
				CLANG_WARN__DUPLICATE_METHOD_MATCH = YES;
				COPY_PHASE_STRIP = NO;
				DEBUG_INFORMATION_FORMAT = dwarf;
				ENABLE_STRICT_OBJC_MSGSEND = YES;
				ENABLE_TESTABILITY = YES;
				GCC_C_LANGUAGE_STANDARD = gnu11;
				GCC_DYNAMIC_NO_PIC = NO;
				GCC_NO_COMMON_BLOCKS = YES;
				GCC_OPTIMIZATION_LEVEL = 0;
				GCC_PREPROCESSOR_DEFINITIONS = (
					"DEBUG=1",
					"$(inherited)",
				);
				GCC_WARN_64_TO_32_BIT_CONVERSION = YES;
				GCC_WARN_ABOUT_RETURN_TYPE = YES_ERROR;
				GCC_WARN_UNDECLARED_SELECTOR = YES;
				GCC_WARN_UNINITIALIZED_AUTOS = YES_AGGRESSIVE;
				GCC_WARN_UNUSED_FUNCTION = YES;
				GCC_WARN_UNUSED_VARIABLE = YES;
				IPHONEOS_DEPLOYMENT_TARGET = 13.2;
				MTL_ENABLE_DEBUG_INFO = INCLUDE_SOURCE;
				MTL_FAST_MATH = YES;
				ONLY_ACTIVE_ARCH = YES;
				SDKROOT = iphoneos;
				SWIFT_ACTIVE_COMPILATION_CONDITIONS = DEBUG;
				SWIFT_OPTIMIZATION_LEVEL = "-Onone";
			};
			name = Debug;
		};
		DF352DEE2420300B003D9071 /* Release */ = {
			isa = XCBuildConfiguration;
			buildSettings = {
				ALWAYS_SEARCH_USER_PATHS = NO;
				CLANG_ANALYZER_NONNULL = YES;
				CLANG_ANALYZER_NUMBER_OBJECT_CONVERSION = YES_AGGRESSIVE;
				CLANG_CXX_LANGUAGE_STANDARD = "gnu++14";
				CLANG_CXX_LIBRARY = "libc++";
				CLANG_ENABLE_MODULES = YES;
				CLANG_ENABLE_OBJC_ARC = YES;
				CLANG_ENABLE_OBJC_WEAK = YES;
				CLANG_WARN_BLOCK_CAPTURE_AUTORELEASING = YES;
				CLANG_WARN_BOOL_CONVERSION = YES;
				CLANG_WARN_COMMA = YES;
				CLANG_WARN_CONSTANT_CONVERSION = YES;
				CLANG_WARN_DEPRECATED_OBJC_IMPLEMENTATIONS = YES;
				CLANG_WARN_DIRECT_OBJC_ISA_USAGE = YES_ERROR;
				CLANG_WARN_DOCUMENTATION_COMMENTS = YES;
				CLANG_WARN_EMPTY_BODY = YES;
				CLANG_WARN_ENUM_CONVERSION = YES;
				CLANG_WARN_INFINITE_RECURSION = YES;
				CLANG_WARN_INT_CONVERSION = YES;
				CLANG_WARN_NON_LITERAL_NULL_CONVERSION = YES;
				CLANG_WARN_OBJC_IMPLICIT_RETAIN_SELF = YES;
				CLANG_WARN_OBJC_LITERAL_CONVERSION = YES;
				CLANG_WARN_OBJC_ROOT_CLASS = YES_ERROR;
				CLANG_WARN_RANGE_LOOP_ANALYSIS = YES;
				CLANG_WARN_STRICT_PROTOTYPES = YES;
				CLANG_WARN_SUSPICIOUS_MOVE = YES;
				CLANG_WARN_UNGUARDED_AVAILABILITY = YES_AGGRESSIVE;
				CLANG_WARN_UNREACHABLE_CODE = YES;
				CLANG_WARN__DUPLICATE_METHOD_MATCH = YES;
				COPY_PHASE_STRIP = NO;
				DEBUG_INFORMATION_FORMAT = "dwarf-with-dsym";
				ENABLE_NS_ASSERTIONS = NO;
				ENABLE_STRICT_OBJC_MSGSEND = YES;
				GCC_C_LANGUAGE_STANDARD = gnu11;
				GCC_NO_COMMON_BLOCKS = YES;
				GCC_WARN_64_TO_32_BIT_CONVERSION = YES;
				GCC_WARN_ABOUT_RETURN_TYPE = YES_ERROR;
				GCC_WARN_UNDECLARED_SELECTOR = YES;
				GCC_WARN_UNINITIALIZED_AUTOS = YES_AGGRESSIVE;
				GCC_WARN_UNUSED_FUNCTION = YES;
				GCC_WARN_UNUSED_VARIABLE = YES;
				IPHONEOS_DEPLOYMENT_TARGET = 13.2;
				MTL_ENABLE_DEBUG_INFO = NO;
				MTL_FAST_MATH = YES;
				SDKROOT = iphoneos;
				SWIFT_COMPILATION_MODE = wholemodule;
				SWIFT_OPTIMIZATION_LEVEL = "-O";
				VALIDATE_PRODUCT = YES;
			};
			name = Release;
		};
		DF352DF02420300B003D9071 /* Debug */ = {
			isa = XCBuildConfiguration;
			buildSettings = {
				ASSETCATALOG_COMPILER_APPICON_NAME = AppIcon;
				CODE_SIGN_STYLE = Automatic;
				INFOPLIST_FILE = EatFreshApp/Info.plist;
				LD_RUNPATH_SEARCH_PATHS = (
					"$(inherited)",
					"@executable_path/Frameworks",
				);
				PRODUCT_BUNDLE_IDENTIFIER = com.manali.EatFreshApp;
				PRODUCT_NAME = "$(TARGET_NAME)";
				SWIFT_VERSION = 5.0;
				TARGETED_DEVICE_FAMILY = "1,2";
			};
			name = Debug;
		};
		DF352DF12420300B003D9071 /* Release */ = {
			isa = XCBuildConfiguration;
			buildSettings = {
				ASSETCATALOG_COMPILER_APPICON_NAME = AppIcon;
				CODE_SIGN_STYLE = Automatic;
				INFOPLIST_FILE = EatFreshApp/Info.plist;
				LD_RUNPATH_SEARCH_PATHS = (
					"$(inherited)",
					"@executable_path/Frameworks",
				);
				PRODUCT_BUNDLE_IDENTIFIER = com.manali.EatFreshApp;
				PRODUCT_NAME = "$(TARGET_NAME)";
				SWIFT_VERSION = 5.0;
				TARGETED_DEVICE_FAMILY = "1,2";
			};
			name = Release;
		};
		DF352DF32420300B003D9071 /* Debug */ = {
			isa = XCBuildConfiguration;
			buildSettings = {
				ALWAYS_EMBED_SWIFT_STANDARD_LIBRARIES = YES;
				BUNDLE_LOADER = "$(TEST_HOST)";
				CODE_SIGN_STYLE = Automatic;
				INFOPLIST_FILE = EatFreshAppTests/Info.plist;
				IPHONEOS_DEPLOYMENT_TARGET = 13.2;
				LD_RUNPATH_SEARCH_PATHS = (
					"$(inherited)",
					"@executable_path/Frameworks",
					"@loader_path/Frameworks",
				);
				PRODUCT_BUNDLE_IDENTIFIER = com.manali.EatFreshAppTests;
				PRODUCT_NAME = "$(TARGET_NAME)";
				SWIFT_VERSION = 5.0;
				TARGETED_DEVICE_FAMILY = "1,2";
				TEST_HOST = "$(BUILT_PRODUCTS_DIR)/EatFreshApp.app/EatFreshApp";
			};
			name = Debug;
		};
		DF352DF42420300B003D9071 /* Release */ = {
			isa = XCBuildConfiguration;
			buildSettings = {
				ALWAYS_EMBED_SWIFT_STANDARD_LIBRARIES = YES;
				BUNDLE_LOADER = "$(TEST_HOST)";
				CODE_SIGN_STYLE = Automatic;
				INFOPLIST_FILE = EatFreshAppTests/Info.plist;
				IPHONEOS_DEPLOYMENT_TARGET = 13.2;
				LD_RUNPATH_SEARCH_PATHS = (
					"$(inherited)",
					"@executable_path/Frameworks",
					"@loader_path/Frameworks",
				);
				PRODUCT_BUNDLE_IDENTIFIER = com.manali.EatFreshAppTests;
				PRODUCT_NAME = "$(TARGET_NAME)";
				SWIFT_VERSION = 5.0;
				TARGETED_DEVICE_FAMILY = "1,2";
				TEST_HOST = "$(BUILT_PRODUCTS_DIR)/EatFreshApp.app/EatFreshApp";
			};
			name = Release;
		};
		DF352DF62420300B003D9071 /* Debug */ = {
			isa = XCBuildConfiguration;
			buildSettings = {
				ALWAYS_EMBED_SWIFT_STANDARD_LIBRARIES = YES;
				CODE_SIGN_STYLE = Automatic;
				INFOPLIST_FILE = EatFreshAppUITests/Info.plist;
				LD_RUNPATH_SEARCH_PATHS = (
					"$(inherited)",
					"@executable_path/Frameworks",
					"@loader_path/Frameworks",
				);
				PRODUCT_BUNDLE_IDENTIFIER = com.manali.EatFreshAppUITests;
				PRODUCT_NAME = "$(TARGET_NAME)";
				SWIFT_VERSION = 5.0;
				TARGETED_DEVICE_FAMILY = "1,2";
				TEST_TARGET_NAME = EatFreshApp;
			};
			name = Debug;
		};
		DF352DF72420300B003D9071 /* Release */ = {
			isa = XCBuildConfiguration;
			buildSettings = {
				ALWAYS_EMBED_SWIFT_STANDARD_LIBRARIES = YES;
				CODE_SIGN_STYLE = Automatic;
				INFOPLIST_FILE = EatFreshAppUITests/Info.plist;
				LD_RUNPATH_SEARCH_PATHS = (
					"$(inherited)",
					"@executable_path/Frameworks",
					"@loader_path/Frameworks",
				);
				PRODUCT_BUNDLE_IDENTIFIER = com.manali.EatFreshAppUITests;
				PRODUCT_NAME = "$(TARGET_NAME)";
				SWIFT_VERSION = 5.0;
				TARGETED_DEVICE_FAMILY = "1,2";
				TEST_TARGET_NAME = EatFreshApp;
			};
			name = Release;
		};
/* End XCBuildConfiguration section */

/* Begin XCConfigurationList section */
		DF352DBD24203003003D9071 /* Build configuration list for PBXProject "EatFreshApp" */ = {
			isa = XCConfigurationList;
			buildConfigurations = (
				DF352DED2420300B003D9071 /* Debug */,
				DF352DEE2420300B003D9071 /* Release */,
			);
			defaultConfigurationIsVisible = 0;
			defaultConfigurationName = Release;
		};
		DF352DEF2420300B003D9071 /* Build configuration list for PBXNativeTarget "EatFreshApp" */ = {
			isa = XCConfigurationList;
			buildConfigurations = (
				DF352DF02420300B003D9071 /* Debug */,
				DF352DF12420300B003D9071 /* Release */,
			);
			defaultConfigurationIsVisible = 0;
			defaultConfigurationName = Release;
		};
		DF352DF22420300B003D9071 /* Build configuration list for PBXNativeTarget "EatFreshAppTests" */ = {
			isa = XCConfigurationList;
			buildConfigurations = (
				DF352DF32420300B003D9071 /* Debug */,
				DF352DF42420300B003D9071 /* Release */,
			);
			defaultConfigurationIsVisible = 0;
			defaultConfigurationName = Release;
		};
		DF352DF52420300B003D9071 /* Build configuration list for PBXNativeTarget "EatFreshAppUITests" */ = {
			isa = XCConfigurationList;
			buildConfigurations = (
				DF352DF62420300B003D9071 /* Debug */,
				DF352DF72420300B003D9071 /* Release */,
			);
			defaultConfigurationIsVisible = 0;
			defaultConfigurationName = Release;
		};
/* End XCConfigurationList section */

/* Begin XCVersionGroup section */
		DF352DCE24203003003D9071 /* EatFreshApp.xcdatamodeld */ = {
			isa = XCVersionGroup;
			children = (
				DF352DCF24203003003D9071 /* EatFreshApp.xcdatamodel */,
			);
			currentVersion = DF352DCF24203003003D9071 /* EatFreshApp.xcdatamodel */;
			path = EatFreshApp.xcdatamodeld;
			sourceTree = "<group>";
			versionGroupType = wrapper.xcdatamodel;
		};
/* End XCVersionGroup section */
	};
	rootObject = DF352DBA24203003003D9071 /* Project object */;
}
